
Microsoft Visual Studio Solution File, Format Version 12.00
# Visual Studio Version 17
VisualStudioVersion = 17.7.34031.279
MinimumVisualStudioVersion = 10.0.40219.1
Project("{FAE04EC0-301F-11D3-BF4B-00C04F79EFBC}") = "001_Thread", "001_Thread\001_Thread.csproj", "{1C23BC26-C36A-40DF-953A-F1FE00A95DEC}"
EndProject
Global
	GlobalSection(SolutionConfigurationPlatforms) = preSolution
		Debug|Any CPU = Debug|Any CPU
		Release|Any CPU = Release|Any CPU
	EndGlobalSection
	GlobalSection(ProjectConfigurationPlatforms) = postSolution
		{1C23BC26-C36A-40DF-953A-F1FE00A95DEC}.Debug|Any CPU.ActiveCfg = Debug|Any CPU
		{1C23BC26-C36A-40DF-953A-F1FE00A95DEC}.Debug|Any CPU.Build.0 = Debug|Any CPU
		{1C23BC26-C36A-40DF-953A-F1FE00A95DEC}.Release|Any CPU.ActiveCfg = Release|Any CPU
		{1C23BC26-C36A-40DF-953A-F1FE00A95DEC}.Release|Any CPU.Build.0 = Release|Any CPU
	EndGlobalSection
	GlobalSection(SolutionProperties) = preSolution
		HideSolutionNode = FALSE
	EndGlobalSection
	GlobalSection(ExtensibilityGlobals) = postSolution
		SolutionGuid = {D7508092-E225-4814-897C-98C4C4542EA5}
	EndGlobalSection
EndGlobal
